
Microsoft Visual Studio Solution File, Format Version 12.00
# Visual Studio Version 17
VisualStudioVersion = 17.1.32421.90
MinimumVisualStudioVersion = 10.0.40219.1
Project("{9A19103F-16F7-4668-BE54-9A1E7A4F7556}") = "CZZYLG_HFT_2021221.Client", "CZZYLG_HFT_2021221.Client\CZZYLG_HFT_2021221.Client.csproj", "{9DC973E4-B034-435B-954E-792EBE3323F1}"
EndProject
Project("{9A19103F-16F7-4668-BE54-9A1E7A4F7556}") = "CZZYLG_HFT_2021221.Data", "CZZYLG_HFT_2021221.Data\CZZYLG_HFT_2021221.Data.csproj", "{EB285FF9-00E3-4EBF-AD06-92A387F275DF}"
EndProject
Project("{9A19103F-16F7-4668-BE54-9A1E7A4F7556}") = "CZZYLG_HFT_2021221.Models", "CZZYLG_HFT_2021221.Models\CZZYLG_HFT_2021221.Models.csproj", "{520D81AF-5B24-4557-A61A-85D2347E2AAF}"
EndProject
Project("{9A19103F-16F7-4668-BE54-9A1E7A4F7556}") = "CZZYLG_HFT_2021221.Logic", "CZZYLG_HFT_2021221.Logic\CZZYLG_HFT_2021221.Logic.csproj", "{9DDCFDF2-7B3B-4A01-A70C-BF6CC58818E0}"
EndProject
Project("{9A19103F-16F7-4668-BE54-9A1E7A4F7556}") = "CZZYLG_HFT_2021221.Repository", "CZZYLG_HFT_2021221.Repository\CZZYLG_HFT_2021221.Repository.csproj", "{8CBD7C82-98F0-4374-8A7C-EE1FBADE509C}"
EndProject
Project("{9A19103F-16F7-4668-BE54-9A1E7A4F7556}") = "CZZYLG_HFT_2021221.Endpoint", "CZZYLG_HFT_2021221.Endpoint\CZZYLG_HFT_2021221.Endpoint.csproj", "{F54AA692-5862-4C29-90A9-947D9BF4CCA4}"
EndProject
Project("{2150E333-8FDC-42A3-9474-1A3956D46DE8}") = "Backend", "Backend", "{D3773854-E962-4883-B988-5353FFE717B6}"
EndProject
Project("{2150E333-8FDC-42A3-9474-1A3956D46DE8}") = "Frontend", "Frontend", "{B727B365-E3B1-46DD-BCEF-58526BE9C2A2}"
EndProject
Project("{2150E333-8FDC-42A3-9474-1A3956D46DE8}") = "Shared", "Shared", "{A612410E-2F0D-4278-B2A4-1217D522FEAC}"
EndProject
Project("{2150E333-8FDC-42A3-9474-1A3956D46DE8}") = "Others", "Others", "{D992258A-5A2C-4CDC-850D-6D06A0BB7C09}"
	ProjectSection(SolutionItems) = preProject
		.gitignore = .gitignore
	EndProjectSection
EndProject
Project("{9A19103F-16F7-4668-BE54-9A1E7A4F7556}") = "CZZYLG_HFT_2021221.Test", "CZZYLG_HFT_2021221.Test\CZZYLG_HFT_2021221.Test.csproj", "{0049C390-F382-4F57-A239-15770C4E63DF}"
EndProject
Project("{9A19103F-16F7-4668-BE54-9A1E7A4F7556}") = "CZZYLG_HFT_2021221.WpfClient", "CZZYLG_HFT_2021221.WpfClient\CZZYLG_HFT_2021221.WpfClient.csproj", "{568912FA-7E14-4AEA-A765-33AD83DD5074}"
EndProject
Project("{FAE04EC0-301F-11D3-BF4B-00C04F79EFBC}") = "CZZYLG_HFT_2021221.JSClient", "CZZYLG_HFT_2021221.JSClient\CZZYLG_HFT_2021221.JSClient.csproj", "{43046AAC-6520-4870-A7EF-AC87EC71CF44}"
EndProject
Global
	GlobalSection(SolutionConfigurationPlatforms) = preSolution
		Debug|Any CPU = Debug|Any CPU
		Release|Any CPU = Release|Any CPU
	EndGlobalSection
	GlobalSection(ProjectConfigurationPlatforms) = postSolution
		{9DC973E4-B034-435B-954E-792EBE3323F1}.Debug|Any CPU.ActiveCfg = Debug|Any CPU
		{9DC973E4-B034-435B-954E-792EBE3323F1}.Debug|Any CPU.Build.0 = Debug|Any CPU
		{9DC973E4-B034-435B-954E-792EBE3323F1}.Release|Any CPU.ActiveCfg = Release|Any CPU
		{9DC973E4-B034-435B-954E-792EBE3323F1}.Release|Any CPU.Build.0 = Release|Any CPU
		{EB285FF9-00E3-4EBF-AD06-92A387F275DF}.Debug|Any CPU.ActiveCfg = Debug|Any CPU
		{EB285FF9-00E3-4EBF-AD06-92A387F275DF}.Debug|Any CPU.Build.0 = Debug|Any CPU
		{EB285FF9-00E3-4EBF-AD06-92A387F275DF}.Release|Any CPU.ActiveCfg = Release|Any CPU
		{EB285FF9-00E3-4EBF-AD06-92A387F275DF}.Release|Any CPU.Build.0 = Release|Any CPU
		{520D81AF-5B24-4557-A61A-85D2347E2AAF}.Debug|Any CPU.ActiveCfg = Debug|Any CPU
		{520D81AF-5B24-4557-A61A-85D2347E2AAF}.Debug|Any CPU.Build.0 = Debug|Any CPU
		{520D81AF-5B24-4557-A61A-85D2347E2AAF}.Release|Any CPU.ActiveCfg = Release|Any CPU
		{520D81AF-5B24-4557-A61A-85D2347E2AAF}.Release|Any CPU.Build.0 = Release|Any CPU
		{9DDCFDF2-7B3B-4A01-A70C-BF6CC58818E0}.Debug|Any CPU.ActiveCfg = Debug|Any CPU
		{9DDCFDF2-7B3B-4A01-A70C-BF6CC58818E0}.Debug|Any CPU.Build.0 = Debug|Any CPU
		{9DDCFDF2-7B3B-4A01-A70C-BF6CC58818E0}.Release|Any CPU.ActiveCfg = Release|Any CPU
		{9DDCFDF2-7B3B-4A01-A70C-BF6CC58818E0}.Release|Any CPU.Build.0 = Release|Any CPU
		{8CBD7C82-98F0-4374-8A7C-EE1FBADE509C}.Debug|Any CPU.ActiveCfg = Debug|Any CPU
		{8CBD7C82-98F0-4374-8A7C-EE1FBADE509C}.Debug|Any CPU.Build.0 = Debug|Any CPU
		{8CBD7C82-98F0-4374-8A7C-EE1FBADE509C}.Release|Any CPU.ActiveCfg = Release|Any CPU
		{8CBD7C82-98F0-4374-8A7C-EE1FBADE509C}.Release|Any CPU.Build.0 = Release|Any CPU
		{F54AA692-5862-4C29-90A9-947D9BF4CCA4}.Debug|Any CPU.ActiveCfg = Debug|Any CPU
		{F54AA692-5862-4C29-90A9-947D9BF4CCA4}.Debug|Any CPU.Build.0 = Debug|Any CPU
		{F54AA692-5862-4C29-90A9-947D9BF4CCA4}.Release|Any CPU.ActiveCfg = Release|Any CPU
		{F54AA692-5862-4C29-90A9-947D9BF4CCA4}.Release|Any CPU.Build.0 = Release|Any CPU
		{0049C390-F382-4F57-A239-15770C4E63DF}.Debug|Any CPU.ActiveCfg = Debug|Any CPU
		{0049C390-F382-4F57-A239-15770C4E63DF}.Debug|Any CPU.Build.0 = Debug|Any CPU
		{0049C390-F382-4F57-A239-15770C4E63DF}.Release|Any CPU.ActiveCfg = Release|Any CPU
		{0049C390-F382-4F57-A239-15770C4E63DF}.Release|Any CPU.Build.0 = Release|Any CPU
		{568912FA-7E14-4AEA-A765-33AD83DD5074}.Debug|Any CPU.ActiveCfg = Debug|Any CPU
		{568912FA-7E14-4AEA-A765-33AD83DD5074}.Debug|Any CPU.Build.0 = Debug|Any CPU
		{568912FA-7E14-4AEA-A765-33AD83DD5074}.Release|Any CPU.ActiveCfg = Release|Any CPU
		{568912FA-7E14-4AEA-A765-33AD83DD5074}.Release|Any CPU.Build.0 = Release|Any CPU
		{43046AAC-6520-4870-A7EF-AC87EC71CF44}.Debug|Any CPU.ActiveCfg = Debug|Any CPU
		{43046AAC-6520-4870-A7EF-AC87EC71CF44}.Debug|Any CPU.Build.0 = Debug|Any CPU
		{43046AAC-6520-4870-A7EF-AC87EC71CF44}.Release|Any CPU.ActiveCfg = Release|Any CPU
		{43046AAC-6520-4870-A7EF-AC87EC71CF44}.Release|Any CPU.Build.0 = Release|Any CPU
	EndGlobalSection
	GlobalSection(SolutionProperties) = preSolution
		HideSolutionNode = FALSE
	EndGlobalSection
	GlobalSection(NestedProjects) = preSolution
		{9DC973E4-B034-435B-954E-792EBE3323F1} = {B727B365-E3B1-46DD-BCEF-58526BE9C2A2}
		{EB285FF9-00E3-4EBF-AD06-92A387F275DF} = {D3773854-E962-4883-B988-5353FFE717B6}
		{520D81AF-5B24-4557-A61A-85D2347E2AAF} = {A612410E-2F0D-4278-B2A4-1217D522FEAC}
		{9DDCFDF2-7B3B-4A01-A70C-BF6CC58818E0} = {D3773854-E962-4883-B988-5353FFE717B6}
		{8CBD7C82-98F0-4374-8A7C-EE1FBADE509C} = {D3773854-E962-4883-B988-5353FFE717B6}
		{F54AA692-5862-4C29-90A9-947D9BF4CCA4} = {D3773854-E962-4883-B988-5353FFE717B6}
		{0049C390-F382-4F57-A239-15770C4E63DF} = {D3773854-E962-4883-B988-5353FFE717B6}
		{568912FA-7E14-4AEA-A765-33AD83DD5074} = {B727B365-E3B1-46DD-BCEF-58526BE9C2A2}
		{43046AAC-6520-4870-A7EF-AC87EC71CF44} = {B727B365-E3B1-46DD-BCEF-58526BE9C2A2}
	EndGlobalSection
	GlobalSection(ExtensibilityGlobals) = postSolution
		SolutionGuid = {E0323E8E-998F-48B0-8000-394664AC683B}
	EndGlobalSection
EndGlobal
